Microsoft Visual Studio Solution File, Format Version 12.00
# Visual Studio Version 17
VisualStudioVersion = 17.5.2.0
MinimumVisualStudioVersion = 10.0.40219.1
Project("{FAE04EC0-301F-11D3-BF4B-00C04F79EFBC}") = "CVAnalyzer.Api", "backend\CVAnalyzer.Api.csproj", "{8AA7C344-4FA8-FD15-D096-9E69676B15E4}"
EndProject
Global
	GlobalSection(SolutionConfigurationPlatforms) = preSolution
		Debug|Any CPU = Debug|Any CPU
		Release|Any CPU = Release|Any CPU
	EndGlobalSection
	GlobalSection(ProjectConfigurationPlatforms) = postSolution
		{8AA7C344-4FA8-FD15-D096-9E69676B15E4}.Debug|Any CPU.ActiveCfg = Debug|Any CPU
		{8AA7C344-4FA8-FD15-D096-9E69676B15E4}.Debug|Any CPU.Build.0 = Debug|Any CPU
		{8AA7C344-4FA8-FD15-D096-9E69676B15E4}.Release|Any CPU.ActiveCfg = Release|Any CPU
		{8AA7C344-4FA8-FD15-D096-9E69676B15E4}.Release|Any CPU.Build.0 = Release|Any CPU
	EndGlobalSection
	GlobalSection(SolutionProperties) = preSolution
		HideSolutionNode = FALSE
	EndGlobalSection
	GlobalSection(ExtensibilityGlobals) = postSolution
		SolutionGuid = {790305DD-FAD8-4476-B33D-7B8B6370F45F}
	EndGlobalSection
EndGlobal
